{
    "_meta": {
        "hash": {
            "sha256": "573fa2616e41eef3031021d58406b8dc059c3b107980118a8ee173e7ced41ca0"
        },
        "pipfile-spec": 6,
        "requires": {
            "python_version": "3.8"
        },
        "sources": [
            {
                "name": "pypi",
                "url": "https://pypi.org/simple",
                "verify_ssl": true
            }
        ]
    },
    "default": {
        "py-cpuinfo": {
            "hashes": [
                "sha256:9aa2e49675114959697d25cf57fec41c29b55887bff3bc4809b44ac6f5730097"
            ],
            "index": "pypi",
            "version": "==7.0.0"
        }
    },
    "develop": {}
}
